// !$*UTF8*$!
{
	archiveVersion = 1;
	classes = {
	};
	objectVersion = 46;
	objects = {

/* Begin PBXBuildFile section */
		4286D6DE1D4117F7009C5947 /* main.m in Sources */ = {isa = PBXBuildFile; fileRef = 4286D6DD1D4117F7009C5947 /* main.m */; };
		4286D6E11D4117F7009C5947 /* AppDelegate.m in Sources */ = {isa = PBXBuildFile; fileRef = 4286D6E01D4117F7009C5947 /* AppDelegate.m */; };
		4286D6E41D4117F7009C5947 /* ViewController.m in Sources */ = {isa = PBXBuildFile; fileRef = 4286D6E31D4117F7009C5947 /* ViewController.m */; };
		4286D6E71D4117F7009C5947 /* Main.storyboard in Resources */ = {isa = PBXBuildFile; fileRef = 4286D6E51D4117F7009C5947 /* Main.storyboard */; };
		4286D6E91D4117F7009C5947 /* Assets.xcassets in Resources */ = {isa = PBXBuildFile; fileRef = 4286D6E81D4117F7009C5947 /* Assets.xcassets */; };
		4286D6EC1D4117F7009C5947 /* LaunchScreen.storyboard in Resources */ = {isa = PBXBuildFile; fileRef = 4286D6EA1D4117F7009C5947 /* LaunchScreen.storyboard */; };
		4286D6F51D4118AA009C5947 /* MCHandler.m in Sources */ = {isa = PBXBuildFile; fileRef = 4286D6F41D4118AA009C5947 /* MCHandler.m */; };
		4286D6FA1D411CE4009C5947 /* ConnectionsViewController.m in Sources */ = {isa = PBXBuildFile; fileRef = 4286D6F91D411CE4009C5947 /* ConnectionsViewController.m */; };
		4286D7781D4298DB009C5947 /* GameCollectionViewController.m in Sources */ = {isa = PBXBuildFile; fileRef = 4286D7771D4298DB009C5947 /* GameCollectionViewController.m */; };
		4286D77B1D4299AC009C5947 /* GameCollectionViewCell.m in Sources */ = {isa = PBXBuildFile; fileRef = 4286D77A1D4299AC009C5947 /* GameCollectionViewCell.m */; };
		4286D7A11D466258009C5947 /* ImagePickerViewController.m in Sources */ = {isa = PBXBuildFile; fileRef = 4286D7A01D466258009C5947 /* ImagePickerViewController.m */; };
		4286D7A41D4668B8009C5947 /* Player.m in Sources */ = {isa = PBXBuildFile; fileRef = 4286D7A31D4668B8009C5947 /* Player.m */; };
		4286D7A81D46769E009C5947 /* Game.m in Sources */ = {isa = PBXBuildFile; fileRef = 4286D7A71D46769E009C5947 /* Game.m */; };
		4286D7AB1D467727009C5947 /* SubmittedAnswer.m in Sources */ = {isa = PBXBuildFile; fileRef = 4286D7AA1D467727009C5947 /* SubmittedAnswer.m */; };
		4286D7AE1D490178009C5947 /* ScoreViewController.m in Sources */ = {isa = PBXBuildFile; fileRef = 4286D7AD1D490178009C5947 /* ScoreViewController.m */; };
		42DCEC241D4E591C005FB09B /* GameCollectionHeaderViewCollectionReusableView.m in Sources */ = {isa = PBXBuildFile; fileRef = 42DCEC231D4E591C005FB09B /* GameCollectionHeaderViewCollectionReusableView.m */; };
/* End PBXBuildFile section */

/* Begin PBXFileReference section */
		4286D6D91D4117F7009C5947 /* MeyCapstone.app */ = {isa = PBXFileReference; explicitFileType = wrapper.application; includeInIndex = 0; path = MeyCapstone.app; sourceTree = BUILT_PRODUCTS_DIR; };
		4286D6DD1D4117F7009C5947 /* main.m */ = {isa = PBXFileReference; lastKnownFileType = sourcecode.c.objc; path = main.m; sourceTree = "<group>"; };
		4286D6DF1D4117F7009C5947 /* AppDelegate.h */ = {isa = PBXFileReference; lastKnownFileType = sourcecode.c.h; path = AppDelegate.h; sourceTree = "<group>"; };
		4286D6E01D4117F7009C5947 /* AppDelegate.m */ = {isa = PBXFileReference; lastKnownFileType = sourcecode.c.objc; path = AppDelegate.m; sourceTree = "<group>"; };
		4286D6E21D4117F7009C5947 /* ViewController.h */ = {isa = PBXFileReference; lastKnownFileType = sourcecode.c.h; path = ViewController.h; sourceTree = "<group>"; };
		4286D6E31D4117F7009C5947 /* ViewController.m */ = {isa = PBXFileReference; lastKnownFileType = sourcecode.c.objc; path = ViewController.m; sourceTree = "<group>"; };
		4286D6E61D4117F7009C5947 /* Base */ = {isa = PBXFileReference; lastKnownFileType = file.storyboard; name = Base; path = Base.lproj/Main.storyboard; sourceTree = "<group>"; };
		4286D6E81D4117F7009C5947 /* Assets.xcassets */ = {isa = PBXFileReference; lastKnownFileType = folder.assetcatalog; path = Assets.xcassets; sourceTree = "<group>"; };
		4286D6EB1D4117F7009C5947 /* Base */ = {isa = PBXFileReference; lastKnownFileType = file.storyboard; name = Base; path = Base.lproj/LaunchScreen.storyboard; sourceTree = "<group>"; };
		4286D6ED1D4117F7009C5947 /* Info.plist */ = {isa = PBXFileReference; lastKnownFileType = text.plist.xml; path = Info.plist; sourceTree = "<group>"; };
		4286D6F31D4118AA009C5947 /* MCHandler.h */ = {isa = PBXFileReference; fileEncoding = 4; lastKnownFileType = sourcecode.c.h; path = MCHandler.h; sourceTree = "<group>"; };
		4286D6F41D4118AA009C5947 /* MCHandler.m */ = {isa = PBXFileReference; fileEncoding = 4; lastKnownFileType = sourcecode.c.objc; path = MCHandler.m; sourceTree = "<group>"; };
		4286D6F81D411CE4009C5947 /* ConnectionsViewController.h */ = {isa = PBXFileReference; fileEncoding = 4; lastKnownFileType = sourcecode.c.h; path = ConnectionsViewController.h; sourceTree = "<group>"; };
		4286D6F91D411CE4009C5947 /* ConnectionsViewController.m */ = {isa = PBXFileReference; fileEncoding = 4; lastKnownFileType = sourcecode.c.objc; path = ConnectionsViewController.m; sourceTree = "<group>"; };
		4286D7761D4298DB009C5947 /* GameCollectionViewController.h */ = {isa = PBXFileReference; fileEncoding = 4; lastKnownFileType = sourcecode.c.h; path = GameCollectionViewController.h; sourceTree = "<group>"; };
		4286D7771D4298DB009C5947 /* GameCollectionViewController.m */ = {isa = PBXFileReference; fileEncoding = 4; lastKnownFileType = sourcecode.c.objc; path = GameCollectionViewController.m; sourceTree = "<group>"; };
		4286D7791D4299AC009C5947 /* GameCollectionViewCell.h */ = {isa = PBXFileReference; fileEncoding = 4; lastKnownFileType = sourcecode.c.h; path = GameCollectionViewCell.h; sourceTree = "<group>"; };
		4286D77A1D4299AC009C5947 /* GameCollectionViewCell.m */ = {isa = PBXFileReference; fileEncoding = 4; lastKnownFileType = sourcecode.c.objc; path = GameCollectionViewCell.m; sourceTree = "<group>"; };
		4286D79F1D466258009C5947 /* ImagePickerViewController.h */ = {isa = PBXFileReference; fileEncoding = 4; lastKnownFileType = sourcecode.c.h; path = ImagePickerViewController.h; sourceTree = "<group>"; };
		4286D7A01D466258009C5947 /* ImagePickerViewController.m */ = {isa = PBXFileReference; fileEncoding = 4; lastKnownFileType = sourcecode.c.objc; path = ImagePickerViewController.m; sourceTree = "<group>"; };
		4286D7A21D4668B8009C5947 /* Player.h */ = {isa = PBXFileReference; fileEncoding = 4; lastKnownFileType = sourcecode.c.h; path = Player.h; sourceTree = "<group>"; };
		4286D7A31D4668B8009C5947 /* Player.m */ = {isa = PBXFileReference; fileEncoding = 4; lastKnownFileType = sourcecode.c.objc; path = Player.m; sourceTree = "<group>"; };
		4286D7A61D46769E009C5947 /* Game.h */ = {isa = PBXFileReference; fileEncoding = 4; lastKnownFileType = sourcecode.c.h; path = Game.h; sourceTree = "<group>"; };
		4286D7A71D46769E009C5947 /* Game.m */ = {isa = PBXFileReference; fileEncoding = 4; lastKnownFileType = sourcecode.c.objc; path = Game.m; sourceTree = "<group>"; };
		4286D7A91D467727009C5947 /* SubmittedAnswer.h */ = {isa = PBXFileReference; fileEncoding = 4; lastKnownFileType = sourcecode.c.h; path = SubmittedAnswer.h; sourceTree = "<group>"; };
		4286D7AA1D467727009C5947 /* SubmittedAnswer.m */ = {isa = PBXFileReference; fileEncoding = 4; lastKnownFileType = sourcecode.c.objc; path = SubmittedAnswer.m; sourceTree = "<group>"; };
		4286D7AC1D490178009C5947 /* ScoreViewController.h */ = {isa = PBXFileReference; fileEncoding = 4; lastKnownFileType = sourcecode.c.h; path = ScoreViewController.h; sourceTree = "<group>"; };
		4286D7AD1D490178009C5947 /* ScoreViewController.m */ = {isa = PBXFileReference; fileEncoding = 4; lastKnownFileType = sourcecode.c.objc; path = ScoreViewController.m; sourceTree = "<group>"; };
		42DCEC221D4E591C005FB09B /* GameCollectionHeaderViewCollectionReusableView.h */ = {isa = PBXFileReference; fileEncoding = 4; lastKnownFileType = sourcecode.c.h; path = GameCollectionHeaderViewCollectionReusableView.h; sourceTree = "<group>"; };
		42DCEC231D4E591C005FB09B /* GameCollectionHeaderViewCollectionReusableView.m */ = {isa = PBXFileReference; fileEncoding = 4; lastKnownFileType = sourcecode.c.objc; path = GameCollectionHeaderViewCollectionReusableView.m; sourceTree = "<group>"; };
/* End PBXFileReference section */

/* Begin PBXFrameworksBuildPhase section */
		4286D6D61D4117F7009C5947 /* Frameworks */ = {
			isa = PBXFrameworksBuildPhase;
			buildActionMask = 2147483647;
			files = (
			);
			runOnlyForDeploymentPostprocessing = 0;
		};
/* End PBXFrameworksBuildPhase section */

/* Begin PBXGroup section */
		4286D6D01D4117F7009C5947 = {
			isa = PBXGroup;
			children = (
				4286D6DB1D4117F7009C5947 /* MeyCapstone */,
				4286D6DA1D4117F7009C5947 /* Products */,
			);
			sourceTree = "<group>";
		};
		4286D6DA1D4117F7009C5947 /* Products */ = {
			isa = PBXGroup;
			children = (
				4286D6D91D4117F7009C5947 /* MeyCapstone.app */,
			);
			name = Products;
			sourceTree = "<group>";
		};
		4286D6DB1D4117F7009C5947 /* MeyCapstone */ = {
			isa = PBXGroup;
			children = (
				4286D6DF1D4117F7009C5947 /* AppDelegate.h */,
				4286D6E01D4117F7009C5947 /* AppDelegate.m */,
				4286D6F71D411CC7009C5947 /* View Controllers */,
				4286D6E51D4117F7009C5947 /* Main.storyboard */,
				4286D6E81D4117F7009C5947 /* Assets.xcassets */,
				4286D6EA1D4117F7009C5947 /* LaunchScreen.storyboard */,
				4286D6ED1D4117F7009C5947 /* Info.plist */,
				4286D6DC1D4117F7009C5947 /* Supporting Files */,
				4286D6F61D4118B0009C5947 /* Controllers */,
				4286D7A51D4668CE009C5947 /* Models */,
			);
			path = MeyCapstone;
			sourceTree = "<group>";
		};
		4286D6DC1D4117F7009C5947 /* Supporting Files */ = {
			isa = PBXGroup;
			children = (
				4286D6DD1D4117F7009C5947 /* main.m */,
			);
			name = "Supporting Files";
			sourceTree = "<group>";
		};
		4286D6F61D4118B0009C5947 /* Controllers */ = {
			isa = PBXGroup;
			children = (
				4286D6F31D4118AA009C5947 /* MCHandler.h */,
				4286D6F41D4118AA009C5947 /* MCHandler.m */,
			);
			name = Controllers;
			sourceTree = "<group>";
		};
		4286D6F71D411CC7009C5947 /* View Controllers */ = {
			isa = PBXGroup;
			children = (
				4286D6E21D4117F7009C5947 /* ViewController.h */,
				4286D6E31D4117F7009C5947 /* ViewController.m */,
				4286D6F81D411CE4009C5947 /* ConnectionsViewController.h */,
				4286D6F91D411CE4009C5947 /* ConnectionsViewController.m */,
				4286D7761D4298DB009C5947 /* GameCollectionViewController.h */,
				4286D7771D4298DB009C5947 /* GameCollectionViewController.m */,
				4286D7791D4299AC009C5947 /* GameCollectionViewCell.h */,
				4286D77A1D4299AC009C5947 /* GameCollectionViewCell.m */,
				4286D79F1D466258009C5947 /* ImagePickerViewController.h */,
				4286D7A01D466258009C5947 /* ImagePickerViewController.m */,
				4286D7AC1D490178009C5947 /* ScoreViewController.h */,
				4286D7AD1D490178009C5947 /* ScoreViewController.m */,
				42DCEC221D4E591C005FB09B /* GameCollectionHeaderViewCollectionReusableView.h */,
				42DCEC231D4E591C005FB09B /* GameCollectionHeaderViewCollectionReusableView.m */,
			);
			name = "View Controllers";
			sourceTree = "<group>";
		};
		4286D7A51D4668CE009C5947 /* Models */ = {
			isa = PBXGroup;
			children = (
				4286D7A21D4668B8009C5947 /* Player.h */,
				4286D7A31D4668B8009C5947 /* Player.m */,
				4286D7A61D46769E009C5947 /* Game.h */,
				4286D7A71D46769E009C5947 /* Game.m */,
				4286D7A91D467727009C5947 /* SubmittedAnswer.h */,
				4286D7AA1D467727009C5947 /* SubmittedAnswer.m */,
			);
			name = Models;
			sourceTree = "<group>";
		};
/* End PBXGroup section */

/* Begin PBXNativeTarget section */
		4286D6D81D4117F7009C5947 /* MeyCapstone */ = {
			isa = PBXNativeTarget;
			buildConfigurationList = 4286D6F01D4117F7009C5947 /* Build configuration list for PBXNativeTarget "MeyCapstone" */;
			buildPhases = (
				4286D6D51D4117F7009C5947 /* Sources */,
				4286D6D61D4117F7009C5947 /* Frameworks */,
				4286D6D71D4117F7009C5947 /* Resources */,
			);
			buildRules = (
			);
			dependencies = (
			);
			name = MeyCapstone;
			productName = MeyCapstone;
			productReference = 4286D6D91D4117F7009C5947 /* MeyCapstone.app */;
			productType = "com.apple.product-type.application";
		};
/* End PBXNativeTarget section */

/* Begin PBXProject section */
		4286D6D11D4117F7009C5947 /* Project object */ = {
			isa = PBXProject;
			attributes = {
				LastUpgradeCheck = 0730;
				ORGANIZATIONNAME = "Ellen Mey";
				TargetAttributes = {
					4286D6D81D4117F7009C5947 = {
						CreatedOnToolsVersion = 7.3.1;
						DevelopmentTeam = 9FYN4E4B36;
					};
				};
			};
			buildConfigurationList = 4286D6D41D4117F7009C5947 /* Build configuration list for PBXProject "MeyCapstone" */;
			compatibilityVersion = "Xcode 3.2";
			developmentRegion = English;
			hasScannedForEncodings = 0;
			knownRegions = (
				en,
				Base,
			);
			mainGroup = 4286D6D01D4117F7009C5947;
			productRefGroup = 4286D6DA1D4117F7009C5947 /* Products */;
			projectDirPath = "";
			projectRoot = "";
			targets = (
				4286D6D81D4117F7009C5947 /* MeyCapstone */,
			);
		};
/* End PBXProject section */

/* Begin PBXResourcesBuildPhase section */
		4286D6D71D4117F7009C5947 /* Resources */ = {
			isa = PBXResourcesBuildPhase;
			buildActionMask = 2147483647;
			files = (
				4286D6EC1D4117F7009C5947 /* LaunchScreen.storyboard in Resources */,
				4286D6E91D4117F7009C5947 /* Assets.xcassets in Resources */,
				4286D6E71D4117F7009C5947 /* Main.storyboard in Resources */,
			);
			runOnlyForDeploymentPostprocessing = 0;
		};
/* End PBXResourcesBuildPhase section */

/* Begin PBXSourcesBuildPhase section */
		4286D6D51D4117F7009C5947 /* Sources */ = {
			isa = PBXSourcesBuildPhase;
			buildActionMask = 2147483647;
			files = (
				4286D7781D4298DB009C5947 /* GameCollectionViewController.m in Sources */,
				4286D6FA1D411CE4009C5947 /* ConnectionsViewController.m in Sources */,
				4286D6F51D4118AA009C5947 /* MCHandler.m in Sources */,
				42DCEC241D4E591C005FB09B /* GameCollectionHeaderViewCollectionReusableView.m in Sources */,
				4286D7AE1D490178009C5947 /* ScoreViewController.m in Sources */,
				4286D7AB1D467727009C5947 /* SubmittedAnswer.m in Sources */,
				4286D6E41D4117F7009C5947 /* ViewController.m in Sources */,
				4286D77B1D4299AC009C5947 /* GameCollectionViewCell.m in Sources */,
				4286D7A81D46769E009C5947 /* Game.m in Sources */,
				4286D6E11D4117F7009C5947 /* AppDelegate.m in Sources */,
				4286D7A11D466258009C5947 /* ImagePickerViewController.m in Sources */,
				4286D7A41D4668B8009C5947 /* Player.m in Sources */,
				4286D6DE1D4117F7009C5947 /* main.m in Sources */,
			);
			runOnlyForDeploymentPostprocessing = 0;
		};
/* End PBXSourcesBuildPhase section */

/* Begin PBXVariantGroup section */
		4286D6E51D4117F7009C5947 /* Main.storyboard */ = {
			isa = PBXVariantGroup;
			children = (
				4286D6E61D4117F7009C5947 /* Base */,
			);
			name = Main.storyboard;
			sourceTree = "<group>";
		};
		4286D6EA1D4117F7009C5947 /* LaunchScreen.storyboard */ = {
			isa = PBXVariantGroup;
			children = (
				4286D6EB1D4117F7009C5947 /* Base */,
			);
			name = LaunchScreen.storyboard;
			sourceTree = "<group>";
		};
/* End PBXVariantGroup section */

/* Begin XCBuildConfiguration section */
		4286D6EE1D4117F7009C5947 /* Debug */ = {
			isa = XCBuildConfiguration;
			buildSettings = {
				ALWAYS_SEARCH_USER_PATHS = NO;
				CLANG_ANALYZER_NONNULL = YES;
				CLANG_CXX_LANGUAGE_STANDARD = "gnu++0x";
				CLANG_CXX_LIBRARY = "libc++";
				CLANG_ENABLE_MODULES = YES;
				CLANG_ENABLE_OBJC_ARC = YES;
				CLANG_WARN_BOOL_CONVERSION = YES;
				CLANG_WARN_CONSTANT_CONVERSION = YES;
				CLANG_WARN_DIRECT_OBJC_ISA_USAGE = YES_ERROR;
				CLANG_WARN_EMPTY_BODY = YES;
				CLANG_WARN_ENUM_CONVERSION = YES;
				CLANG_WARN_INT_CONVERSION = YES;
				CLANG_WARN_OBJC_ROOT_CLASS = YES_ERROR;
				CLANG_WARN_UNREACHABLE_CODE = YES;
				CLANG_WARN__DUPLICATE_METHOD_MATCH = YES;
				"CODE_SIGN_IDENTITY[sdk=iphoneos*]" = "iPhone Developer";
				COPY_PHASE_STRIP = NO;
				DEBUG_INFORMATION_FORMAT = dwarf;
				ENABLE_STRICT_OBJC_MSGSEND = YES;
				ENABLE_TESTABILITY = YES;
				GCC_C_LANGUAGE_STANDARD = gnu99;
				GCC_DYNAMIC_NO_PIC = NO;
				GCC_NO_COMMON_BLOCKS = YES;
				GCC_OPTIMIZATION_LEVEL = 0;
				GCC_PREPROCESSOR_DEFINITIONS = (
					"DEBUG=1",
					"$(inherited)",
				);
				GCC_WARN_64_TO_32_BIT_CONVERSION = YES;
				GCC_WARN_ABOUT_RETURN_TYPE = YES_ERROR;
				GCC_WARN_UNDECLARED_SELECTOR = YES;
				GCC_WARN_UNINITIALIZED_AUTOS = YES_AGGRESSIVE;
				GCC_WARN_UNUSED_FUNCTION = YES;
				GCC_WARN_UNUSED_VARIABLE = YES;
				IPHONEOS_DEPLOYMENT_TARGET = 9.3;
				MTL_ENABLE_DEBUG_INFO = YES;
				ONLY_ACTIVE_ARCH = YES;
				SDKROOT = iphoneos;
			};
			name = Debug;
		};
		4286D6EF1D4117F7009C5947 /* Release */ = {
			isa = XCBuildConfiguration;
			buildSettings = {
				ALWAYS_SEARCH_USER_PATHS = NO;
				CLANG_ANALYZER_NONNULL = YES;
				CLANG_CXX_LANGUAGE_STANDARD = "gnu++0x";
				CLANG_CXX_LIBRARY = "libc++";
				CLANG_ENABLE_MODULES = YES;
				CLANG_ENABLE_OBJC_ARC = YES;
				CLANG_WARN_BOOL_CONVERSION = YES;
				CLANG_WARN_CONSTANT_CONVERSION = YES;
				CLANG_WARN_DIRECT_OBJC_ISA_USAGE = YES_ERROR;
				CLANG_WARN_EMPTY_BODY = YES;
				CLANG_WARN_ENUM_CONVERSION = YES;
				CLANG_WARN_INT_CONVERSION = YES;
				CLANG_WARN_OBJC_ROOT_CLASS = YES_ERROR;
				CLANG_WARN_UNREACHABLE_CODE = YES;
				CLANG_WARN__DUPLICATE_METHOD_MATCH = YES;
				"CODE_SIGN_IDENTITY[sdk=iphoneos*]" = "iPhone Developer";
				COPY_PHASE_STRIP = NO;
				DEBUG_INFORMATION_FORMAT = "dwarf-with-dsym";
				ENABLE_NS_ASSERTIONS = NO;
				ENABLE_STRICT_OBJC_MSGSEND = YES;
				GCC_C_LANGUAGE_STANDARD = gnu99;
				GCC_NO_COMMON_BLOCKS = YES;
				GCC_WARN_64_TO_32_BIT_CONVERSION = YES;
				GCC_WARN_ABOUT_RETURN_TYPE = YES_ERROR;
				GCC_WARN_UNDECLARED_SELECTOR = YES;
				GCC_WARN_UNINITIALIZED_AUTOS = YES_AGGRESSIVE;
				GCC_WARN_UNUSED_FUNCTION = YES;
				GCC_WARN_UNUSED_VARIABLE = YES;
				IPHONEOS_DEPLOYMENT_TARGET = 9.3;
				MTL_ENABLE_DEBUG_INFO = NO;
				SDKROOT = iphoneos;
				VALIDATE_PRODUCT = YES;
			};
			name = Release;
		};
		4286D6F11D4117F7009C5947 /* Debug */ = {
			isa = XCBuildConfiguration;
			buildSettings = {
				ASSETCATALOG_COMPILER_APPICON_NAME = AppIcon;
				CODE_SIGN_IDENTITY = "iPhone Developer";
				"CODE_SIGN_IDENTITY[sdk=iphoneos*]" = "iPhone Developer";
				INFOPLIST_FILE = MeyCapstone/Info.plist;
				LD_RUNPATH_SEARCH_PATHS = "$(inherited) @executable_path/Frameworks";
				PRODUCT_BUNDLE_IDENTIFIER = com.detroitlabs.MeyCapstone;
				PRODUCT_NAME = "$(TARGET_NAME)";
				PROVISIONING_PROFILE = "";
			};
			name = Debug;
		};
		4286D6F21D4117F7009C5947 /* Release */ = {
			isa = XCBuildConfiguration;
			buildSettings = {
				ASSETCATALOG_COMPILER_APPICON_NAME = AppIcon;
				CODE_SIGN_IDENTITY = "iPhone Developer";
				"CODE_SIGN_IDENTITY[sdk=iphoneos*]" = "iPhone Developer";
				INFOPLIST_FILE = MeyCapstone/Info.plist;
				LD_RUNPATH_SEARCH_PATHS = "$(inherited) @executable_path/Frameworks";
				PRODUCT_BUNDLE_IDENTIFIER = com.detroitlabs.MeyCapstone;
				PRODUCT_NAME = "$(TARGET_NAME)";
				PROVISIONING_PROFILE = "";
			};
			name = Release;
		};
/* End XCBuildConfiguration section */

/* Begin XCConfigurationList section */
		4286D6D41D4117F7009C5947 /* Build configuration list for PBXProject "MeyCapstone" */ = {
			isa = XCConfigurationList;
			buildConfigurations = (
				4286D6EE1D4117F7009C5947 /* Debug */,
				4286D6EF1D4117F7009C5947 /* Release */,
			);
			defaultConfigurationIsVisible = 0;
			defaultConfigurationName = Release;
		};
		4286D6F01D4117F7009C5947 /* Build configuration list for PBXNativeTarget "MeyCapstone" */ = {
			isa = XCConfigurationList;
			buildConfigurations = (
				4286D6F11D4117F7009C5947 /* Debug */,
				4286D6F21D4117F7009C5947 /* Release */,
			);
			defaultConfigurationIsVisible = 0;
			defaultConfigurationName = Release;
		};
/* End XCConfigurationList section */
	};
	rootObject = 4286D6D11D4117F7009C5947 /* Project object */;
}
